// !$*UTF8*$!
{
	archiveVersion = 1;
	classes = {
	};
	objectVersion = 46;
	objects = {

/* Begin PBXBuildFile section */
		32F1EFEC1BEA925E0016AA93 /* AppDelegate.swift in Sources */ = {isa = PBXBuildFile; fileRef = 32F1EFEB1BEA925E0016AA93 /* AppDelegate.swift */; };
		32F1EFEE1BEA925E0016AA93 /* RootViewController.swift in Sources */ = {isa = PBXBuildFile; fileRef = 32F1EFED1BEA925E0016AA93 /* RootViewController.swift */; };
		32F1EFF01BEA925E0016AA93 /* DataViewController.swift in Sources */ = {isa = PBXBuildFile; fileRef = 32F1EFEF1BEA925E0016AA93 /* DataViewController.swift */; };
		32F1EFF21BEA925E0016AA93 /* ModelController.swift in Sources */ = {isa = PBXBuildFile; fileRef = 32F1EFF11BEA925E0016AA93 /* ModelController.swift */; };
		32F1EFF51BEA925E0016AA93 /* Main.storyboard in Resources */ = {isa = PBXBuildFile; fileRef = 32F1EFF31BEA925E0016AA93 /* Main.storyboard */; };
		32F1EFF71BEA925E0016AA93 /* Assets.xcassets in Resources */ = {isa = PBXBuildFile; fileRef = 32F1EFF61BEA925E0016AA93 /* Assets.xcassets */; };
		32F1EFFA1BEA925E0016AA93 /* LaunchScreen.storyboard in Resources */ = {isa = PBXBuildFile; fileRef = 32F1EFF81BEA925E0016AA93 /* LaunchScreen.storyboard */; };
		32F1F0051BEA925E0016AA93 /* CleanUpTests.swift in Sources */ = {isa = PBXBuildFile; fileRef = 32F1F0041BEA925E0016AA93 /* CleanUpTests.swift */; };
		32F1F0101BEA925E0016AA93 /* CleanUpUITests.swift in Sources */ = {isa = PBXBuildFile; fileRef = 32F1F00F1BEA925E0016AA93 /* CleanUpUITests.swift */; };
/* End PBXBuildFile section */

/* Begin PBXContainerItemProxy section */
		32F1F0011BEA925E0016AA93 /* PBXContainerItemProxy */ = {
			isa = PBXContainerItemProxy;
			containerPortal = 32F1EFE01BEA925E0016AA93 /* Project object */;
			proxyType = 1;
			remoteGlobalIDString = 32F1EFE71BEA925E0016AA93;
			remoteInfo = CleanUp;
		};
		32F1F00C1BEA925E0016AA93 /* PBXContainerItemProxy */ = {
			isa = PBXContainerItemProxy;
			containerPortal = 32F1EFE01BEA925E0016AA93 /* Project object */;
			proxyType = 1;
			remoteGlobalIDString = 32F1EFE71BEA925E0016AA93;
			remoteInfo = CleanUp;
		};
/* End PBXContainerItemProxy section */

/* Begin PBXFileReference section */
		32F1EFE81BEA925E0016AA93 /* CleanUp.app */ = {isa = PBXFileReference; explicitFileType = wrapper.application; includeInIndex = 0; path = CleanUp.app; sourceTree = BUILT_PRODUCTS_DIR; };
		32F1EFEB1BEA925E0016AA93 /* AppDelegate.swift */ = {isa = PBXFileReference; lastKnownFileType = sourcecode.swift; path = AppDelegate.swift; sourceTree = "<group>"; };
		32F1EFED1BEA925E0016AA93 /* RootViewController.swift */ = {isa = PBXFileReference; lastKnownFileType = sourcecode.swift; path = RootViewController.swift; sourceTree = "<group>"; };
		32F1EFEF1BEA925E0016AA93 /* DataViewController.swift */ = {isa = PBXFileReference; lastKnownFileType = sourcecode.swift; path = DataViewController.swift; sourceTree = "<group>"; };
		32F1EFF11BEA925E0016AA93 /* ModelController.swift */ = {isa = PBXFileReference; lastKnownFileType = sourcecode.swift; path = ModelController.swift; sourceTree = "<group>"; };
		32F1EFF41BEA925E0016AA93 /* Base */ = {isa = PBXFileReference; lastKnownFileType = file.storyboard; name = Base; path = Base.lproj/Main.storyboard; sourceTree = "<group>"; };
		32F1EFF61BEA925E0016AA93 /* Assets.xcassets */ = {isa = PBXFileReference; lastKnownFileType = folder.assetcatalog; path = Assets.xcassets; sourceTree = "<group>"; };
		32F1EFF91BEA925E0016AA93 /* Base */ = {isa = PBXFileReference; lastKnownFileType = file.storyboard; name = Base; path = Base.lproj/LaunchScreen.storyboard; sourceTree = "<group>"; };
		32F1EFFB1BEA925E0016AA93 /* Info.plist */ = {isa = PBXFileReference; lastKnownFileType = text.plist.xml; path = Info.plist; sourceTree = "<group>"; };
		32F1F0001BEA925E0016AA93 /* CleanUpTests.xctest */ = {isa = PBXFileReference; explicitFileType = wrapper.cfbundle; includeInIndex = 0; path = CleanUpTests.xctest; sourceTree = BUILT_PRODUCTS_DIR; };
		32F1F0041BEA925E0016AA93 /* CleanUpTests.swift */ = {isa = PBXFileReference; lastKnownFileType = sourcecode.swift; path = CleanUpTests.swift; sourceTree = "<group>"; };
		32F1F0061BEA925E0016AA93 /* Info.plist */ = {isa = PBXFileReference; lastKnownFileType = text.plist.xml; path = Info.plist; sourceTree = "<group>"; };
		32F1F00B1BEA925E0016AA93 /* CleanUpUITests.xctest */ = {isa = PBXFileReference; explicitFileType = wrapper.cfbundle; includeInIndex = 0; path = CleanUpUITests.xctest; sourceTree = BUILT_PRODUCTS_DIR; };
		32F1F00F1BEA925E0016AA93 /* CleanUpUITests.swift */ = {isa = PBXFileReference; lastKnownFileType = sourcecode.swift; path = CleanUpUITests.swift; sourceTree = "<group>"; };
		32F1F0111BEA925E0016AA93 /* Info.plist */ = {isa = PBXFileReference; lastKnownFileType = text.plist.xml; path = Info.plist; sourceTree = "<group>"; };
/* End PBXFileReference section */

/* Begin PBXFrameworksBuildPhase section */
		32F1EFE51BEA925E0016AA93 /* Frameworks */ = {
			isa = PBXFrameworksBuildPhase;
			buildActionMask = 2147483647;
			files = (
			);
			runOnlyForDeploymentPostprocessing = 0;
		};
		32F1EFFD1BEA925E0016AA93 /* Frameworks */ = {
			isa = PBXFrameworksBuildPhase;
			buildActionMask = 2147483647;
			files = (
			);
			runOnlyForDeploymentPostprocessing = 0;
		};
		32F1F0081BEA925E0016AA93 /* Frameworks */ = {
			isa = PBXFrameworksBuildPhase;
			buildActionMask = 2147483647;
			files = (
			);
			runOnlyForDeploymentPostprocessing = 0;
		};
/* End PBXFrameworksBuildPhase section */

/* Begin PBXGroup section */
		32F1EFDF1BEA925E0016AA93 = {
			isa = PBXGroup;
			children = (
				32F1EFEA1BEA925E0016AA93 /* CleanUp */,
				32F1F0031BEA925E0016AA93 /* CleanUpTests */,
				32F1F00E1BEA925E0016AA93 /* CleanUpUITests */,
				32F1EFE91BEA925E0016AA93 /* Products */,
			);
			sourceTree = "<group>";
		};
		32F1EFE91BEA925E0016AA93 /* Products */ = {
			isa = PBXGroup;
			children = (
				32F1EFE81BEA925E0016AA93 /* CleanUp.app */,
				32F1F0001BEA925E0016AA93 /* CleanUpTests.xctest */,
				32F1F00B1BEA925E0016AA93 /* CleanUpUITests.xctest */,
			);
			name = Products;
			sourceTree = "<group>";
		};
		32F1EFEA1BEA925E0016AA93 /* CleanUp */ = {
			isa = PBXGroup;
			children = (
				32F1EFEB1BEA925E0016AA93 /* AppDelegate.swift */,
				32F1EFED1BEA925E0016AA93 /* RootViewController.swift */,
				32F1EFEF1BEA925E0016AA93 /* DataViewController.swift */,
				32F1EFF11BEA925E0016AA93 /* ModelController.swift */,
				32F1EFF31BEA925E0016AA93 /* Main.storyboard */,
				32F1EFF61BEA925E0016AA93 /* Assets.xcassets */,
				32F1EFF81BEA925E0016AA93 /* LaunchScreen.storyboard */,
				32F1EFFB1BEA925E0016AA93 /* Info.plist */,
			);
			path = CleanUp;
			sourceTree = "<group>";
		};
		32F1F0031BEA925E0016AA93 /* CleanUpTests */ = {
			isa = PBXGroup;
			children = (
				32F1F0041BEA925E0016AA93 /* CleanUpTests.swift */,
				32F1F0061BEA925E0016AA93 /* Info.plist */,
			);
			path = CleanUpTests;
			sourceTree = "<group>";
		};
		32F1F00E1BEA925E0016AA93 /* CleanUpUITests */ = {
			isa = PBXGroup;
			children = (
				32F1F00F1BEA925E0016AA93 /* CleanUpUITests.swift */,
				32F1F0111BEA925E0016AA93 /* Info.plist */,
			);
			path = CleanUpUITests;
			sourceTree = "<group>";
		};
/* End PBXGroup section */

/* Begin PBXNativeTarget section */
		32F1EFE71BEA925E0016AA93 /* CleanUp */ = {
			isa = PBXNativeTarget;
			buildConfigurationList = 32F1F0141BEA925E0016AA93 /* Build configuration list for PBXNativeTarget "CleanUp" */;
			buildPhases = (
				32F1EFE41BEA925E0016AA93 /* Sources */,
				32F1EFE51BEA925E0016AA93 /* Frameworks */,
				32F1EFE61BEA925E0016AA93 /* Resources */,
			);
			buildRules = (
			);
			dependencies = (
			);
			name = CleanUp;
			productName = CleanUp;
			productReference = 32F1EFE81BEA925E0016AA93 /* CleanUp.app */;
			productType = "com.apple.product-type.application";
		};
		32F1EFFF1BEA925E0016AA93 /* CleanUpTests */ = {
			isa = PBXNativeTarget;
			buildConfigurationList = 32F1F0171BEA925E0016AA93 /* Build configuration list for PBXNativeTarget "CleanUpTests" */;
			buildPhases = (
				32F1EFFC1BEA925E0016AA93 /* Sources */,
				32F1EFFD1BEA925E0016AA93 /* Frameworks */,
				32F1EFFE1BEA925E0016AA93 /* Resources */,
			);
			buildRules = (
			);
			dependencies = (
				32F1F0021BEA925E0016AA93 /* PBXTargetDependency */,
			);
			name = CleanUpTests;
			productName = CleanUpTests;
			productReference = 32F1F0001BEA925E0016AA93 /* CleanUpTests.xctest */;
			productType = "com.apple.product-type.bundle.unit-test";
		};
		32F1F00A1BEA925E0016AA93 /* CleanUpUITests */ = {
			isa = PBXNativeTarget;
			buildConfigurationList = 32F1F01A1BEA925E0016AA93 /* Build configuration list for PBXNativeTarget "CleanUpUITests" */;
			buildPhases = (
				32F1F0071BEA925E0016AA93 /* Sources */,
				32F1F0081BEA925E0016AA93 /* Frameworks */,
				32F1F0091BEA925E0016AA93 /* Resources */,
			);
			buildRules = (
			);
			dependencies = (
				32F1F00D1BEA925E0016AA93 /* PBXTargetDependency */,
			);
			name = CleanUpUITests;
			productName = CleanUpUITests;
			productReference = 32F1F00B1BEA925E0016AA93 /* CleanUpUITests.xctest */;
			productType = "com.apple.product-type.bundle.ui-testing";
		};
/* End PBXNativeTarget section */

/* Begin PBXProject section */
		32F1EFE01BEA925E0016AA93 /* Project object */ = {
			isa = PBXProject;
			attributes = {
				LastUpgradeCheck = 0710;
				ORGANIZATIONNAME = "Cameron Reilly";
				TargetAttributes = {
					32F1EFE71BEA925E0016AA93 = {
						CreatedOnToolsVersion = 7.1;
						DevelopmentTeam = SR475BM36E;
					};
					32F1EFFF1BEA925E0016AA93 = {
						CreatedOnToolsVersion = 7.1;
						DevelopmentTeam = SR475BM36E;
						TestTargetID = 32F1EFE71BEA925E0016AA93;
					};
					32F1F00A1BEA925E0016AA93 = {
						CreatedOnToolsVersion = 7.1;
						DevelopmentTeam = SR475BM36E;
						TestTargetID = 32F1EFE71BEA925E0016AA93;
					};
				};
			};
			buildConfigurationList = 32F1EFE31BEA925E0016AA93 /* Build configuration list for PBXProject "CleanUp" */;
			compatibilityVersion = "Xcode 3.2";
			developmentRegion = English;
			hasScannedForEncodings = 0;
			knownRegions = (
				en,
				Base,
			);
			mainGroup = 32F1EFDF1BEA925E0016AA93;
			productRefGroup = 32F1EFE91BEA925E0016AA93 /* Products */;
			projectDirPath = "";
			projectRoot = "";
			targets = (
				32F1EFE71BEA925E0016AA93 /* CleanUp */,
				32F1EFFF1BEA925E0016AA93 /* CleanUpTests */,
				32F1F00A1BEA925E0016AA93 /* CleanUpUITests */,
			);
		};
/* End PBXProject section */

/* Begin PBXResourcesBuildPhase section */
		32F1EFE61BEA925E0016AA93 /* Resources */ = {
			isa = PBXResourcesBuildPhase;
			buildActionMask = 2147483647;
			files = (
				32F1EFFA1BEA925E0016AA93 /* LaunchScreen.storyboard in Resources */,
				32F1EFF71BEA925E0016AA93 /* Assets.xcassets in Resources */,
				32F1EFF51BEA925E0016AA93 /* Main.storyboard in Resources */,
			);
			runOnlyForDeploymentPostprocessing = 0;
		};
		32F1EFFE1BEA925E0016AA93 /* Resources */ = {
			isa = PBXResourcesBuildPhase;
			buildActionMask = 2147483647;
			files = (
			);
			runOnlyForDeploymentPostprocessing = 0;
		};
		32F1F0091BEA925E0016AA93 /* Resources */ = {
			isa = PBXResourcesBuildPhase;
			buildActionMask = 2147483647;
			files = (
			);
			runOnlyForDeploymentPostprocessing = 0;
		};
/* End PBXResourcesBuildPhase section */

/* Begin PBXSourcesBuildPhase section */
		32F1EFE41BEA925E0016AA93 /* Sources */ = {
			isa = PBXSourcesBuildPhase;
			buildActionMask = 2147483647;
			files = (
				32F1EFEE1BEA925E0016AA93 /* RootViewController.swift in Sources */,
				32F1EFF21BEA925E0016AA93 /* ModelController.swift in Sources */,
				32F1EFF01BEA925E0016AA93 /* DataViewController.swift in Sources */,
				32F1EFEC1BEA925E0016AA93 /* AppDelegate.swift in Sources */,
			);
			runOnlyForDeploymentPostprocessing = 0;
		};
		32F1EFFC1BEA925E0016AA93 /* Sources */ = {
			isa = PBXSourcesBuildPhase;
			buildActionMask = 2147483647;
			files = (
				32F1F0051BEA925E0016AA93 /* CleanUpTests.swift in Sources */,
			);
			runOnlyForDeploymentPostprocessing = 0;
		};
		32F1F0071BEA925E0016AA93 /* Sources */ = {
			isa = PBXSourcesBuildPhase;
			buildActionMask = 2147483647;
			files = (
				32F1F0101BEA925E0016AA93 /* CleanUpUITests.swift in Sources */,
			);
			runOnlyForDeploymentPostprocessing = 0;
		};
/* End PBXSourcesBuildPhase section */

/* Begin PBXTargetDependency section */
		32F1F0021BEA925E0016AA93 /* PBXTargetDependency */ = {
			isa = PBXTargetDependency;
			target = 32F1EFE71BEA925E0016AA93 /* CleanUp */;
			targetProxy = 32F1F0011BEA925E0016AA93 /* PBXContainerItemProxy */;
		};
		32F1F00D1BEA925E0016AA93 /* PBXTargetDependency */ = {
			isa = PBXTargetDependency;
			target = 32F1EFE71BEA925E0016AA93 /* CleanUp */;
			targetProxy = 32F1F00C1BEA925E0016AA93 /* PBXContainerItemProxy */;
		};
/* End PBXTargetDependency section */

/* Begin PBXVariantGroup section */
		32F1EFF31BEA925E0016AA93 /* Main.storyboard */ = {
			isa = PBXVariantGroup;
			children = (
				32F1EFF41BEA925E0016AA93 /* Base */,
			);
			name = Main.storyboard;
			sourceTree = "<group>";
		};
		32F1EFF81BEA925E0016AA93 /* LaunchScreen.storyboard */ = {
			isa = PBXVariantGroup;
			children = (
				32F1EFF91BEA925E0016AA93 /* Base */,
			);
			name = LaunchScreen.storyboard;
			sourceTree = "<group>";
		};
/* End PBXVariantGroup section */

/* Begin XCBuildConfiguration section */
		32F1F0121BEA925E0016AA93 /* Debug */ = {
			isa = XCBuildConfiguration;
			buildSettings = {
				ALWAYS_SEARCH_USER_PATHS = NO;
				CLANG_CXX_LANGUAGE_STANDARD = "gnu++0x";
				CLANG_CXX_LIBRARY = "libc++";
				CLANG_ENABLE_MODULES = YES;
				CLANG_ENABLE_OBJC_ARC = YES;
				CLANG_WARN_BOOL_CONVERSION = YES;
				CLANG_WARN_CONSTANT_CONVERSION = YES;
				CLANG_WARN_DIRECT_OBJC_ISA_USAGE = YES_ERROR;
				CLANG_WARN_EMPTY_BODY = YES;
				CLANG_WARN_ENUM_CONVERSION = YES;
				CLANG_WARN_INT_CONVERSION = YES;
				CLANG_WARN_OBJC_ROOT_CLASS = YES_ERROR;
				CLANG_WARN_UNREACHABLE_CODE = YES;
				CLANG_WARN__DUPLICATE_METHOD_MATCH = YES;
				"CODE_SIGN_IDENTITY[sdk=iphoneos*]" = "iPhone Developer";
				COPY_PHASE_STRIP = NO;
				DEBUG_INFORMATION_FORMAT = dwarf;
				ENABLE_STRICT_OBJC_MSGSEND = YES;
				ENABLE_TESTABILITY = YES;
				GCC_C_LANGUAGE_STANDARD = gnu99;
				GCC_DYNAMIC_NO_PIC = NO;
				GCC_NO_COMMON_BLOCKS = YES;
				GCC_OPTIMIZATION_LEVEL = 0;
				GCC_PREPROCESSOR_DEFINITIONS = (
					"DEBUG=1",
					"$(inherited)",
				);
				GCC_WARN_64_TO_32_BIT_CONVERSION = YES;
				GCC_WARN_ABOUT_RETURN_TYPE = YES_ERROR;
				GCC_WARN_UNDECLARED_SELECTOR = YES;
				GCC_WARN_UNINITIALIZED_AUTOS = YES_AGGRESSIVE;
				GCC_WARN_UNUSED_FUNCTION = YES;
				GCC_WARN_UNUSED_VARIABLE = YES;
				IPHONEOS_DEPLOYMENT_TARGET = 9.1;
				MTL_ENABLE_DEBUG_INFO = YES;
				ONLY_ACTIVE_ARCH = YES;
				SDKROOT = iphoneos;
				SWIFT_OPTIMIZATION_LEVEL = "-Onone";
				TARGETED_DEVICE_FAMILY = "1,2";
			};
			name = Debug;
		};
		32F1F0131BEA925E0016AA93 /* Release */ = {
			isa = XCBuildConfiguration;
			buildSettings = {
				ALWAYS_SEARCH_USER_PATHS = NO;
				CLANG_CXX_LANGUAGE_STANDARD = "gnu++0x";
				CLANG_CXX_LIBRARY = "libc++";
				CLANG_ENABLE_MODULES = YES;
				CLANG_ENABLE_OBJC_ARC = YES;
				CLANG_WARN_BOOL_CONVERSION = YES;
				CLANG_WARN_CONSTANT_CONVERSION = YES;
				CLANG_WARN_DIRECT_OBJC_ISA_USAGE = YES_ERROR;
				CLANG_WARN_EMPTY_BODY = YES;
				CLANG_WARN_ENUM_CONVERSION = YES;
				CLANG_WARN_INT_CONVERSION = YES;
				CLANG_WARN_OBJC_ROOT_CLASS = YES_ERROR;
				CLANG_WARN_UNREACHABLE_CODE = YES;
				CLANG_WARN__DUPLICATE_METHOD_MATCH = YES;
				"CODE_SIGN_IDENTITY[sdk=iphoneos*]" = "iPhone Developer";
				COPY_PHASE_STRIP = NO;
				DEBUG_INFORMATION_FORMAT = "dwarf-with-dsym";
				ENABLE_NS_ASSERTIONS = NO;
				ENABLE_STRICT_OBJC_MSGSEND = YES;
				GCC_C_LANGUAGE_STANDARD = gnu99;
				GCC_NO_COMMON_BLOCKS = YES;
				GCC_WARN_64_TO_32_BIT_CONVERSION = YES;
				GCC_WARN_ABOUT_RETURN_TYPE = YES_ERROR;
				GCC_WARN_UNDECLARED_SELECTOR = YES;
				GCC_WARN_UNINITIALIZED_AUTOS = YES_AGGRESSIVE;
				GCC_WARN_UNUSED_FUNCTION = YES;
				GCC_WARN_UNUSED_VARIABLE = YES;
				IPHONEOS_DEPLOYMENT_TARGET = 9.1;
				MTL_ENABLE_DEBUG_INFO = NO;
				SDKROOT = iphoneos;
				TARGETED_DEVICE_FAMILY = "1,2";
				VALIDATE_PRODUCT = YES;
			};
			name = Release;
		};
		32F1F0151BEA925E0016AA93 /* Debug */ = {
			isa = XCBuildConfiguration;
			buildSettings = {
				ASSETCATALOG_COMPILER_APPICON_NAME = AppIcon;
				INFOPLIST_FILE = CleanUp/Info.plist;
				LD_RUNPATH_SEARCH_PATHS = "$(inherited) @executable_path/Frameworks";
				PRODUCT_BUNDLE_IDENTIFIER = edu.uakron.cs.ios.CleanUp;
				PRODUCT_NAME = "$(TARGET_NAME)";
			};
			name = Debug;
		};
		32F1F0161BEA925E0016AA93 /* Release */ = {
			isa = XCBuildConfiguration;
			buildSettings = {
				ASSETCATALOG_COMPILER_APPICON_NAME = AppIcon;
				INFOPLIST_FILE = CleanUp/Info.plist;
				LD_RUNPATH_SEARCH_PATHS = "$(inherited) @executable_path/Frameworks";
				PRODUCT_BUNDLE_IDENTIFIER = edu.uakron.cs.ios.CleanUp;
				PRODUCT_NAME = "$(TARGET_NAME)";
			};
			name = Release;
		};
		32F1F0181BEA925E0016AA93 /* Debug */ = {
			isa = XCBuildConfiguration;
			buildSettings = {
				BUNDLE_LOADER = "$(TEST_HOST)";
				INFOPLIST_FILE = CleanUpTests/Info.plist;
				LD_RUNPATH_SEARCH_PATHS = "$(inherited) @executable_path/Frameworks @loader_path/Frameworks";
				PRODUCT_BUNDLE_IDENTIFIER = edu.uakron.cs.ios.CleanUpTests;
				PRODUCT_NAME = "$(TARGET_NAME)";
				TEST_HOST = "$(BUILT_PRODUCTS_DIR)/CleanUp.app/CleanUp";
			};
			name = Debug;
		};
		32F1F0191BEA925E0016AA93 /* Release */ = {
			isa = XCBuildConfiguration;
			buildSettings = {
				BUNDLE_LOADER = "$(TEST_HOST)";
				INFOPLIST_FILE = CleanUpTests/Info.plist;
				LD_RUNPATH_SEARCH_PATHS = "$(inherited) @executable_path/Frameworks @loader_path/Frameworks";
				PRODUCT_BUNDLE_IDENTIFIER = edu.uakron.cs.ios.CleanUpTests;
				PRODUCT_NAME = "$(TARGET_NAME)";
				TEST_HOST = "$(BUILT_PRODUCTS_DIR)/CleanUp.app/CleanUp";
			};
			name = Release;
		};
		32F1F01B1BEA925E0016AA93 /* Debug */ = {
			isa = XCBuildConfiguration;
			buildSettings = {
				INFOPLIST_FILE = CleanUpUITests/Info.plist;
				LD_RUNPATH_SEARCH_PATHS = "$(inherited) @executable_path/Frameworks @loader_path/Frameworks";
				PRODUCT_BUNDLE_IDENTIFIER = edu.uakron.cs.ios.CleanUpUITests;
				PRODUCT_NAME = "$(TARGET_NAME)";
				TEST_TARGET_NAME = CleanUp;
				USES_XCTRUNNER = YES;
			};
			name = Debug;
		};
		32F1F01C1BEA925E0016AA93 /* Release */ = {
			isa = XCBuildConfiguration;
			buildSettings = {
				INFOPLIST_FILE = CleanUpUITests/Info.plist;
				LD_RUNPATH_SEARCH_PATHS = "$(inherited) @executable_path/Frameworks @loader_path/Frameworks";
				PRODUCT_BUNDLE_IDENTIFIER = edu.uakron.cs.ios.CleanUpUITests;
				PRODUCT_NAME = "$(TARGET_NAME)";
				TEST_TARGET_NAME = CleanUp;
				USES_XCTRUNNER = YES;
			};
			name = Release;
		};
/* End XCBuildConfiguration section */

/* Begin XCConfigurationList section */
		32F1EFE31BEA925E0016AA93 /* Build configuration list for PBXProject "CleanUp" */ = {
			isa = XCConfigurationList;
			buildConfigurations = (
				32F1F0121BEA925E0016AA93 /* Debug */,
				32F1F0131BEA925E0016AA93 /* Release */,
			);
			defaultConfigurationIsVisible = 0;
			defaultConfigurationName = Release;
		};
		32F1F0141BEA925E0016AA93 /* Build configuration list for PBXNativeTarget "CleanUp" */ = {
			isa = XCConfigurationList;
			buildConfigurations = (
				32F1F0151BEA925E0016AA93 /* Debug */,
				32F1F0161BEA925E0016AA93 /* Release */,
			);
			defaultConfigurationIsVisible = 0;
			defaultConfigurationName = Release;
		};
		32F1F0171BEA925E0016AA93 /* Build configuration list for PBXNativeTarget "CleanUpTests" */ = {
			isa = XCConfigurationList;
			buildConfigurations = (
				32F1F0181BEA925E0016AA93 /* Debug */,
				32F1F0191BEA925E0016AA93 /* Release */,
			);
			defaultConfigurationIsVisible = 0;
			defaultConfigurationName = Release;
		};
		32F1F01A1BEA925E0016AA93 /* Build configuration list for PBXNativeTarget "CleanUpUITests" */ = {
			isa = XCConfigurationList;
			buildConfigurations = (
				32F1F01B1BEA925E0016AA93 /* Debug */,
				32F1F01C1BEA925E0016AA93 /* Release */,
			);
			defaultConfigurationIsVisible = 0;
			defaultConfigurationName = Release;
		};
/* End XCConfigurationList section */
	};
	rootObject = 32F1EFE01BEA925E0016AA93 /* Project object */;
}
